
Microsoft Visual Studio Solution File, Format Version 12.00
# Visual Studio Version 17
VisualStudioVersion = 17.5.33414.496
MinimumVisualStudioVersion = 10.0.40219.1
Project("{9A19103F-16F7-4668-BE54-9A1E7A4F7556}") = "EzNutrition.Server", "EzNutrition\Server\EzNutrition.Server.csproj", "{8F4D4FAA-39C0-4AA4-B0B9-CEE4F2D053E7}"
EndProject
Project("{9A19103F-16F7-4668-BE54-9A1E7A4F7556}") = "EzNutrition.Client", "EzNutrition\Client\EzNutrition.Client.csproj", "{A1E9CEB7-C7EE-4356-A53E-7ACF2F423DE9}"
EndProject
Project("{9A19103F-16F7-4668-BE54-9A1E7A4F7556}") = "EzNutrition.Shared", "EzNutrition\Shared\EzNutrition.Shared.csproj", "{1312F350-6925-4B07-9C4B-8166AE318799}"
EndProject
Global
	GlobalSection(SolutionConfigurationPlatforms) = preSolution
		Debug|Any CPU = Debug|Any CPU
		Release|Any CPU = Release|Any CPU
	EndGlobalSection
	GlobalSection(ProjectConfigurationPlatforms) = postSolution
		{8F4D4FAA-39C0-4AA4-B0B9-CEE4F2D053E7}.Debug|Any CPU.ActiveCfg = Debug|Any CPU
		{8F4D4FAA-39C0-4AA4-B0B9-CEE4F2D053E7}.Debug|Any CPU.Build.0 = Debug|Any CPU
		{8F4D4FAA-39C0-4AA4-B0B9-CEE4F2D053E7}.Release|Any CPU.ActiveCfg = Release|Any CPU
		{8F4D4FAA-39C0-4AA4-B0B9-CEE4F2D053E7}.Release|Any CPU.Build.0 = Release|Any CPU
		{A1E9CEB7-C7EE-4356-A53E-7ACF2F423DE9}.Debug|Any CPU.ActiveCfg = Debug|Any CPU
		{A1E9CEB7-C7EE-4356-A53E-7ACF2F423DE9}.Debug|Any CPU.Build.0 = Debug|Any CPU
		{A1E9CEB7-C7EE-4356-A53E-7ACF2F423DE9}.Release|Any CPU.ActiveCfg = Release|Any CPU
		{A1E9CEB7-C7EE-4356-A53E-7ACF2F423DE9}.Release|Any CPU.Build.0 = Release|Any CPU
		{1312F350-6925-4B07-9C4B-8166AE318799}.Debug|Any CPU.ActiveCfg = Debug|Any CPU
		{1312F350-6925-4B07-9C4B-8166AE318799}.Debug|Any CPU.Build.0 = Debug|Any CPU
		{1312F350-6925-4B07-9C4B-8166AE318799}.Release|Any CPU.ActiveCfg = Release|Any CPU
		{1312F350-6925-4B07-9C4B-8166AE318799}.Release|Any CPU.Build.0 = Release|Any CPU
	EndGlobalSection
	GlobalSection(SolutionProperties) = preSolution
		HideSolutionNode = FALSE
	EndGlobalSection
	GlobalSection(ExtensibilityGlobals) = postSolution
		SolutionGuid = {6ED879B3-3AF1-41CA-AC9D-CB9B51DAB97B}
	EndGlobalSection
EndGlobal
