Microsoft Visual Studio Solution File, Format Version 12.00
# Visual Studio Version 17
VisualStudioVersion = 17.5.2.0
MinimumVisualStudioVersion = 10.0.40219.1
Project("{FAE04EC0-301F-11D3-BF4B-00C04F79EFBC}") = "EzNutrition.AiAgency", "EzNutrition.AiAgency.csproj", "{203FF7F1-B303-9816-5576-70E0ABCE7A83}"
EndProject
Global
	GlobalSection(SolutionConfigurationPlatforms) = preSolution
		Debug|Any CPU = Debug|Any CPU
		Release|Any CPU = Release|Any CPU
	EndGlobalSection
	GlobalSection(ProjectConfigurationPlatforms) = postSolution
		{203FF7F1-B303-9816-5576-70E0ABCE7A83}.Debug|Any CPU.ActiveCfg = Debug|Any CPU
		{203FF7F1-B303-9816-5576-70E0ABCE7A83}.Debug|Any CPU.Build.0 = Debug|Any CPU
		{203FF7F1-B303-9816-5576-70E0ABCE7A83}.Release|Any CPU.ActiveCfg = Release|Any CPU
		{203FF7F1-B303-9816-5576-70E0ABCE7A83}.Release|Any CPU.Build.0 = Release|Any CPU
	EndGlobalSection
	GlobalSection(SolutionProperties) = preSolution
		HideSolutionNode = FALSE
	EndGlobalSection
	GlobalSection(ExtensibilityGlobals) = postSolution
		SolutionGuid = {670AFB06-5B72-4843-B72E-C7A1EE059905}
	EndGlobalSection
EndGlobal
